
Microsoft Visual Studio Solution File, Format Version 12.00
# Visual Studio Version 17
VisualStudioVersion = 17.10.35122.118
MinimumVisualStudioVersion = 10.0.40219.1
Project("{FAE04EC0-301F-11D3-BF4B-00C04F79EFBC}") = "Method_types_July_120824", "Method_types_July_120824.csproj", "{3D172A67-8B39-43C5-B101-A4A5A4A223F0}"
EndProject
Global
	GlobalSection(SolutionConfigurationPlatforms) = preSolution
		Debug|Any CPU = Debug|Any CPU
		Release|Any CPU = Release|Any CPU
	EndGlobalSection
	GlobalSection(ProjectConfigurationPlatforms) = postSolution
		{3D172A67-8B39-43C5-B101-A4A5A4A223F0}.Debug|Any CPU.ActiveCfg = Debug|Any CPU
		{3D172A67-8B39-43C5-B101-A4A5A4A223F0}.Debug|Any CPU.Build.0 = Debug|Any CPU
		{3D172A67-8B39-43C5-B101-A4A5A4A223F0}.Release|Any CPU.ActiveCfg = Release|Any CPU
		{3D172A67-8B39-43C5-B101-A4A5A4A223F0}.Release|Any CPU.Build.0 = Release|Any CPU
	EndGlobalSection
	GlobalSection(SolutionProperties) = preSolution
		HideSolutionNode = FALSE
	EndGlobalSection
	GlobalSection(ExtensibilityGlobals) = postSolution
		SolutionGuid = {5D4DBA9B-A709-420E-A944-50DBCDF11B08}
	EndGlobalSection
EndGlobal
